// !$*UTF8*$!
{
	archiveVersion = 1;
	classes = {
	};
	objectVersion = 54;
	objects = {

/* Begin PBXBuildFile section */
		1498D2341E8E89220040F4C2 /* GeneratedPluginRegistrant.m in Sources */ = {isa = PBXBuildFile; fileRef = 1498D2331E8E89220040F4C2 /* GeneratedPluginRegistrant.m */; };
		331C808B294A63AB00263BE5 /* RunnerTests.swift in Sources */ = {isa = PBXBuildFile; fileRef = 331C807B294A618700263BE5 /* RunnerTests.swift */; };
		3B3967161E833CAA004F5970 /* AppFrameworkInfo.plist in Resources */ = {isa = PBXBuildFile; fileRef = 3B3967151E833CAA004F5970 /* AppFrameworkInfo.plist */; };
		74858FAF1ED2DC5600515810 /* AppDelegate.swift in Sources */ = {isa = PBXBuildFile; fileRef = 74858FAE1ED2DC5600515810 /* AppDelegate.swift */; };
		942250112DD61CF200280D12 /* LaunchScreenDevelopment.storyboard in Resources */ = {isa = PBXBuildFile; fileRef = 9422500F2DD61CF200280D12 /* LaunchScreenDevelopment.storyboard */; };
		97C146FC1CF9000F007C117D /* Main.storyboard in Resources */ = {isa = PBXBuildFile; fileRef = 97C146FA1CF9000F007C117D /* Main.storyboard */; };
		97C146FE1CF9000F007C117D /* Assets.xcassets in Resources */ = {isa = PBXBuildFile; fileRef = 97C146FD1CF9000F007C117D /* Assets.xcassets */; };
		97C147011CF9000F007C117D /* LaunchScreen.storyboard in Resources */ = {isa = PBXBuildFile; fileRef = 97C146FF1CF9000F007C117D /* LaunchScreen.storyboard */; };
		A014B46C08CD11902CE0D0E2 /* Pods_Runner.framework in Frameworks */ = {isa = PBXBuildFile; fileRef = A489DD6FB12C9E687180DEA0 /* Pods_Runner.framework */; };
		ED7821405A063AF1D61D6FA2 /* Pods_RunnerTests.framework in Frameworks */ = {isa = PBXBuildFile; fileRef = D920F8F1E1331119125C689E /* Pods_RunnerTests.framework */; };
/* End PBXBuildFile section */

/* Begin PBXContainerItemProxy section */
		331C8085294A63A400263BE5 /* PBXContainerItemProxy */ = {
			isa = PBXContainerItemProxy;
			containerPortal = 97C146E61CF9000F007C117D /* Project object */;
			proxyType = 1;
			remoteGlobalIDString = 97C146ED1CF9000F007C117D;
			remoteInfo = Runner;
		};
/* End PBXContainerItemProxy section */

/* Begin PBXCopyFilesBuildPhase section */
		9705A1C41CF9048500538489 /* Embed Frameworks */ = {
			isa = PBXCopyFilesBuildPhase;
			buildActionMask = 2147483647;
			dstPath = "";
			dstSubfolderSpec = 10;
			files = (
			);
			name = "Embed Frameworks";
			runOnlyForDeploymentPostprocessing = 0;
		};
/* End PBXCopyFilesBuildPhase section */

/* Begin PBXFileReference section */
		1498D2321E8E86230040F4C2 /* GeneratedPluginRegistrant.h */ = {isa = PBXFileReference; lastKnownFileType = sourcecode.c.h; path = GeneratedPluginRegistrant.h; sourceTree = "<group>"; };
		1498D2331E8E89220040F4C2 /* GeneratedPluginRegistrant.m */ = {isa = PBXFileReference; fileEncoding = 4; lastKnownFileType = sourcecode.c.objc; path = GeneratedPluginRegistrant.m; sourceTree = "<group>"; };
		191215F475E988360CF0933F /* Pods-RunnerTests.release-development.xcconfig */ = {isa = PBXFileReference; includeInIndex = 1; lastKnownFileType = text.xcconfig; name = "Pods-RunnerTests.release-development.xcconfig"; path = "Target Support Files/Pods-RunnerTests/Pods-RunnerTests.release-development.xcconfig"; sourceTree = "<group>"; };
		20F0F88FBA184EF094DFB7D7 /* Pods-Runner.profile.xcconfig */ = {isa = PBXFileReference; includeInIndex = 1; lastKnownFileType = text.xcconfig; name = "Pods-Runner.profile.xcconfig"; path = "Target Support Files/Pods-Runner/Pods-Runner.profile.xcconfig"; sourceTree = "<group>"; };
		331C807B294A618700263BE5 /* RunnerTests.swift */ = {isa = PBXFileReference; lastKnownFileType = sourcecode.swift; path = RunnerTests.swift; sourceTree = "<group>"; };
		331C8081294A63A400263BE5 /* RunnerTests.xctest */ = {isa = PBXFileReference; explicitFileType = wrapper.cfbundle; includeInIndex = 0; path = RunnerTests.xctest; sourceTree = BUILT_PRODUCTS_DIR; };
		3B3967151E833CAA004F5970 /* AppFrameworkInfo.plist */ = {isa = PBXFileReference; fileEncoding = 4; lastKnownFileType = text.plist.xml; name = AppFrameworkInfo.plist; path = Flutter/AppFrameworkInfo.plist; sourceTree = "<group>"; };
		3DF0930574A78D79DA92C93B /* Pods-Runner.debug.xcconfig */ = {isa = PBXFileReference; includeInIndex = 1; lastKnownFileType = text.xcconfig; name = "Pods-Runner.debug.xcconfig"; path = "Target Support Files/Pods-Runner/Pods-Runner.debug.xcconfig"; sourceTree = "<group>"; };
		461F305C81BD23F346BF8AB3 /* Pods-RunnerTests.debug-production.xcconfig */ = {isa = PBXFileReference; includeInIndex = 1; lastKnownFileType = text.xcconfig; name = "Pods-RunnerTests.debug-production.xcconfig"; path = "Target Support Files/Pods-RunnerTests/Pods-RunnerTests.debug-production.xcconfig"; sourceTree = "<group>"; };
		490C9F93EBD30BE01CB78E51 /* Pods-Runner.debug-staging.xcconfig */ = {isa = PBXFileReference; includeInIndex = 1; lastKnownFileType = text.xcconfig; name = "Pods-Runner.debug-staging.xcconfig"; path = "Target Support Files/Pods-Runner/Pods-Runner.debug-staging.xcconfig"; sourceTree = "<group>"; };
		66F78CB799C0CE0270F51ED1 /* Pods-RunnerTests.release-production.xcconfig */ = {isa = PBXFileReference; includeInIndex = 1; lastKnownFileType = text.xcconfig; name = "Pods-RunnerTests.release-production.xcconfig"; path = "Target Support Files/Pods-RunnerTests/Pods-RunnerTests.release-production.xcconfig"; sourceTree = "<group>"; };
		706484C70463442B4B3DA2E3 /* Pods-Runner.release-development.xcconfig */ = {isa = PBXFileReference; includeInIndex = 1; lastKnownFileType = text.xcconfig; name = "Pods-Runner.release-development.xcconfig"; path = "Target Support Files/Pods-Runner/Pods-Runner.release-development.xcconfig"; sourceTree = "<group>"; };
		74858FAD1ED2DC5600515810 /* Runner-Bridging-Header.h */ = {isa = PBXFileReference; lastKnownFileType = sourcecode.c.h; path = "Runner-Bridging-Header.h"; sourceTree = "<group>"; };
		74858FAE1ED2DC5600515810 /* AppDelegate.swift */ = {isa = PBXFileReference; fileEncoding = 4; lastKnownFileType = sourcecode.swift; path = AppDelegate.swift; sourceTree = "<group>"; };
		75778FAF25919BF920C7E5D9 /* Pods-RunnerTests.release.xcconfig */ = {isa = PBXFileReference; includeInIndex = 1; lastKnownFileType = text.xcconfig; name = "Pods-RunnerTests.release.xcconfig"; path = "Target Support Files/Pods-RunnerTests/Pods-RunnerTests.release.xcconfig"; sourceTree = "<group>"; };
		761DDF8704DC09C01149E8C2 /* Pods-RunnerTests.debug-development.xcconfig */ = {isa = PBXFileReference; includeInIndex = 1; lastKnownFileType = text.xcconfig; name = "Pods-RunnerTests.debug-development.xcconfig"; path = "Target Support Files/Pods-RunnerTests/Pods-RunnerTests.debug-development.xcconfig"; sourceTree = "<group>"; };
		7AFA3C8E1D35360C0083082E /* Release.xcconfig */ = {isa = PBXFileReference; lastKnownFileType = text.xcconfig; name = Release.xcconfig; path = Flutter/Release.xcconfig; sourceTree = "<group>"; };
		7C6B95284B3054953638C15E /* Pods-RunnerTests.release-staging.xcconfig */ = {isa = PBXFileReference; includeInIndex = 1; lastKnownFileType = text.xcconfig; name = "Pods-RunnerTests.release-staging.xcconfig"; path = "Target Support Files/Pods-RunnerTests/Pods-RunnerTests.release-staging.xcconfig"; sourceTree = "<group>"; };
		839A37A6D398F93DB89543D1 /* Pods-Runner.debu-production.xcconfig */ = {isa = PBXFileReference; includeInIndex = 1; lastKnownFileType = text.xcconfig; name = "Pods-Runner.debu-production.xcconfig"; path = "Target Support Files/Pods-Runner/Pods-Runner.debu-production.xcconfig"; sourceTree = "<group>"; };
		942250102DD61CF200280D12 /* Base */ = {isa = PBXFileReference; lastKnownFileType = file.storyboard; name = Base; path = Base.lproj/LaunchScreenDevelopment.storyboard; sourceTree = "<group>"; };
		9740EEB21CF90195004384FC /* Debug.xcconfig */ = {isa = PBXFileReference; fileEncoding = 4; lastKnownFileType = text.xcconfig; name = Debug.xcconfig; path = Flutter/Debug.xcconfig; sourceTree = "<group>"; };
		9740EEB31CF90195004384FC /* Generated.xcconfig */ = {isa = PBXFileReference; fileEncoding = 4; lastKnownFileType = text.xcconfig; name = Generated.xcconfig; path = Flutter/Generated.xcconfig; sourceTree = "<group>"; };
		97C146EE1CF9000F007C117D /* Runner.app */ = {isa = PBXFileReference; explicitFileType = wrapper.application; includeInIndex = 0; path = Runner.app; sourceTree = BUILT_PRODUCTS_DIR; };
		97C146FB1CF9000F007C117D /* Base */ = {isa = PBXFileReference; lastKnownFileType = file.storyboard; name = Base; path = Base.lproj/Main.storyboard; sourceTree = "<group>"; };
		97C146FD1CF9000F007C117D /* Assets.xcassets */ = {isa = PBXFileReference; lastKnownFileType = folder.assetcatalog; path = Assets.xcassets; sourceTree = "<group>"; };
		97C147001CF9000F007C117D /* Base */ = {isa = PBXFileReference; lastKnownFileType = file.storyboard; name = Base; path = Base.lproj/LaunchScreen.storyboard; sourceTree = "<group>"; };
		97C147021CF9000F007C117D /* Info.plist */ = {isa = PBXFileReference; lastKnownFileType = text.plist.xml; path = Info.plist; sourceTree = "<group>"; };
		9CA199C73244F780D1C2C7FB /* Pods-Runner.debug-production.xcconfig */ = {isa = PBXFileReference; includeInIndex = 1; lastKnownFileType = text.xcconfig; name = "Pods-Runner.debug-production.xcconfig"; path = "Target Support Files/Pods-Runner/Pods-Runner.debug-production.xcconfig"; sourceTree = "<group>"; };
		9D2F0553832EEF3B29BB7BC1 /* Pods-Runner.release-production.xcconfig */ = {isa = PBXFileReference; includeInIndex = 1; lastKnownFileType = text.xcconfig; name = "Pods-Runner.release-production.xcconfig"; path = "Target Support Files/Pods-Runner/Pods-Runner.release-production.xcconfig"; sourceTree = "<group>"; };
		A489DD6FB12C9E687180DEA0 /* Pods_Runner.framework */ = {isa = PBXFileReference; explicitFileType = wrapper.framework; includeInIndex = 0; path = Pods_Runner.framework; sourceTree = BUILT_PRODUCTS_DIR; };
		A65A94A7DF4C80C4C571C093 /* Pods-Runner.release-staging.xcconfig */ = {isa = PBXFileReference; includeInIndex = 1; lastKnownFileType = text.xcconfig; name = "Pods-Runner.release-staging.xcconfig"; path = "Target Support Files/Pods-Runner/Pods-Runner.release-staging.xcconfig"; sourceTree = "<group>"; };
		A7DA734E30782BDBA34E3FE0 /* Pods-RunnerTests.debug-staging.xcconfig */ = {isa = PBXFileReference; includeInIndex = 1; lastKnownFileType = text.xcconfig; name = "Pods-RunnerTests.debug-staging.xcconfig"; path = "Target Support Files/Pods-RunnerTests/Pods-RunnerTests.debug-staging.xcconfig"; sourceTree = "<group>"; };
		B19C8674C1F765E43E31220A /* Pods-Runner.release.xcconfig */ = {isa = PBXFileReference; includeInIndex = 1; lastKnownFileType = text.xcconfig; name = "Pods-Runner.release.xcconfig"; path = "Target Support Files/Pods-Runner/Pods-Runner.release.xcconfig"; sourceTree = "<group>"; };
		BE52296CEA49D816E1131DCC /* Pods-RunnerTests.debu-production.xcconfig */ = {isa = PBXFileReference; includeInIndex = 1; lastKnownFileType = text.xcconfig; name = "Pods-RunnerTests.debu-production.xcconfig"; path = "Target Support Files/Pods-RunnerTests/Pods-RunnerTests.debu-production.xcconfig"; sourceTree = "<group>"; };
		C0E8C4305BC894A3C2A3AF5D /* Pods-Runner.debug-development.xcconfig */ = {isa = PBXFileReference; includeInIndex = 1; lastKnownFileType = text.xcconfig; name = "Pods-Runner.debug-development.xcconfig"; path = "Target Support Files/Pods-Runner/Pods-Runner.debug-development.xcconfig"; sourceTree = "<group>"; };
		CDD2DC2A3A317BCED98935AA /* Pods-Runner.releas-production.xcconfig */ = {isa = PBXFileReference; includeInIndex = 1; lastKnownFileType = text.xcconfig; name = "Pods-Runner.releas-production.xcconfig"; path = "Target Support Files/Pods-Runner/Pods-Runner.releas-production.xcconfig"; sourceTree = "<group>"; };
		CEED6DBEACE679F732ED030F /* Pods-RunnerTests.releas-production.xcconfig */ = {isa = PBXFileReference; includeInIndex = 1; lastKnownFileType = text.xcconfig; name = "Pods-RunnerTests.releas-production.xcconfig"; path = "Target Support Files/Pods-RunnerTests/Pods-RunnerTests.releas-production.xcconfig"; sourceTree = "<group>"; };
		D5E8D6B61F3364EA9C0DA8B2 /* Pods-RunnerTests.debug.xcconfig */ = {isa = PBXFileReference; includeInIndex = 1; lastKnownFileType = text.xcconfig; name = "Pods-RunnerTests.debug.xcconfig"; path = "Target Support Files/Pods-RunnerTests/Pods-RunnerTests.debug.xcconfig"; sourceTree = "<group>"; };
		D920F8F1E1331119125C689E /* Pods_RunnerTests.framework */ = {isa = PBXFileReference; explicitFileType = wrapper.framework; includeInIndex = 0; path = Pods_RunnerTests.framework; sourceTree = BUILT_PRODUCTS_DIR; };
		F3EA52AC4ACF68D24891635B /* Pods-RunnerTests.profile.xcconfig */ = {isa = PBXFileReference; includeInIndex = 1; lastKnownFileType = text.xcconfig; name = "Pods-RunnerTests.profile.xcconfig"; path = "Target Support Files/Pods-RunnerTests/Pods-RunnerTests.profile.xcconfig"; sourceTree = "<group>"; };
/* End PBXFileReference section */

/* Begin PBXFrameworksBuildPhase section */
		97C146EB1CF9000F007C117D /* Frameworks */ = {
			isa = PBXFrameworksBuildPhase;
			buildActionMask = 2147483647;
			files = (
				A014B46C08CD11902CE0D0E2 /* Pods_Runner.framework in Frameworks */,
			);
			runOnlyForDeploymentPostprocessing = 0;
		};
		C480EA3834D59D2029D72EAB /* Frameworks */ = {
			isa = PBXFrameworksBuildPhase;
			buildActionMask = 2147483647;
			files = (
				ED7821405A063AF1D61D6FA2 /* Pods_RunnerTests.framework in Frameworks */,
			);
			runOnlyForDeploymentPostprocessing = 0;
		};
/* End PBXFrameworksBuildPhase section */

/* Begin PBXGroup section */
		331C8082294A63A400263BE5 /* RunnerTests */ = {
			isa = PBXGroup;
			children = (
				331C807B294A618700263BE5 /* RunnerTests.swift */,
			);
			path = RunnerTests;
			sourceTree = "<group>";
		};
		9740EEB11CF90186004384FC /* Flutter */ = {
			isa = PBXGroup;
			children = (
				3B3967151E833CAA004F5970 /* AppFrameworkInfo.plist */,
				9740EEB21CF90195004384FC /* Debug.xcconfig */,
				7AFA3C8E1D35360C0083082E /* Release.xcconfig */,
				9740EEB31CF90195004384FC /* Generated.xcconfig */,
			);
			name = Flutter;
			sourceTree = "<group>";
		};
		97C146E51CF9000F007C117D = {
			isa = PBXGroup;
			children = (
				9740EEB11CF90186004384FC /* Flutter */,
				97C146F01CF9000F007C117D /* Runner */,
				97C146EF1CF9000F007C117D /* Products */,
				331C8082294A63A400263BE5 /* RunnerTests */,
				9D36F577CA4BAE8F7AA62972 /* Pods */,
				B71BD5EA9771AE7C56EE3799 /* Frameworks */,
			);
			sourceTree = "<group>";
		};
		97C146EF1CF9000F007C117D /* Products */ = {
			isa = PBXGroup;
			children = (
				97C146EE1CF9000F007C117D /* Runner.app */,
				331C8081294A63A400263BE5 /* RunnerTests.xctest */,
			);
			name = Products;
			sourceTree = "<group>";
		};
		97C146F01CF9000F007C117D /* Runner */ = {
			isa = PBXGroup;
			children = (
				97C146FA1CF9000F007C117D /* Main.storyboard */,
				97C146FD1CF9000F007C117D /* Assets.xcassets */,
				97C146FF1CF9000F007C117D /* LaunchScreen.storyboard */,
				97C147021CF9000F007C117D /* Info.plist */,
				1498D2321E8E86230040F4C2 /* GeneratedPluginRegistrant.h */,
				1498D2331E8E89220040F4C2 /* GeneratedPluginRegistrant.m */,
				74858FAE1ED2DC5600515810 /* AppDelegate.swift */,
				74858FAD1ED2DC5600515810 /* Runner-Bridging-Header.h */,
				9422500F2DD61CF200280D12 /* LaunchScreenDevelopment.storyboard */,
			);
			path = Runner;
			sourceTree = "<group>";
		};
		9D36F577CA4BAE8F7AA62972 /* Pods */ = {
			isa = PBXGroup;
			children = (
				3DF0930574A78D79DA92C93B /* Pods-Runner.debug.xcconfig */,
				839A37A6D398F93DB89543D1 /* Pods-Runner.debu-production.xcconfig */,
				490C9F93EBD30BE01CB78E51 /* Pods-Runner.debug-staging.xcconfig */,
				C0E8C4305BC894A3C2A3AF5D /* Pods-Runner.debug-development.xcconfig */,
				B19C8674C1F765E43E31220A /* Pods-Runner.release.xcconfig */,
				CDD2DC2A3A317BCED98935AA /* Pods-Runner.releas-production.xcconfig */,
				A65A94A7DF4C80C4C571C093 /* Pods-Runner.release-staging.xcconfig */,
				706484C70463442B4B3DA2E3 /* Pods-Runner.release-development.xcconfig */,
				20F0F88FBA184EF094DFB7D7 /* Pods-Runner.profile.xcconfig */,
				D5E8D6B61F3364EA9C0DA8B2 /* Pods-RunnerTests.debug.xcconfig */,
				BE52296CEA49D816E1131DCC /* Pods-RunnerTests.debu-production.xcconfig */,
				A7DA734E30782BDBA34E3FE0 /* Pods-RunnerTests.debug-staging.xcconfig */,
				761DDF8704DC09C01149E8C2 /* Pods-RunnerTests.debug-development.xcconfig */,
				75778FAF25919BF920C7E5D9 /* Pods-RunnerTests.release.xcconfig */,
				CEED6DBEACE679F732ED030F /* Pods-RunnerTests.releas-production.xcconfig */,
				7C6B95284B3054953638C15E /* Pods-RunnerTests.release-staging.xcconfig */,
				191215F475E988360CF0933F /* Pods-RunnerTests.release-development.xcconfig */,
				F3EA52AC4ACF68D24891635B /* Pods-RunnerTests.profile.xcconfig */,
				9CA199C73244F780D1C2C7FB /* Pods-Runner.debug-production.xcconfig */,
				9D2F0553832EEF3B29BB7BC1 /* Pods-Runner.release-production.xcconfig */,
				461F305C81BD23F346BF8AB3 /* Pods-RunnerTests.debug-production.xcconfig */,
				66F78CB799C0CE0270F51ED1 /* Pods-RunnerTests.release-production.xcconfig */,
			);
			path = Pods;
			sourceTree = "<group>";
		};
		B71BD5EA9771AE7C56EE3799 /* Frameworks */ = {
			isa = PBXGroup;
			children = (
				A489DD6FB12C9E687180DEA0 /* Pods_Runner.framework */,
				D920F8F1E1331119125C689E /* Pods_RunnerTests.framework */,
			);
			name = Frameworks;
			sourceTree = "<group>";
		};
/* End PBXGroup section */

/* Begin PBXNativeTarget section */
		331C8080294A63A400263BE5 /* RunnerTests */ = {
			isa = PBXNativeTarget;
			buildConfigurationList = 331C8087294A63A400263BE5 /* Build configuration list for PBXNativeTarget "RunnerTests" */;
			buildPhases = (
				2BB094205A971674C8106F54 /* [CP] Check Pods Manifest.lock */,
				331C807D294A63A400263BE5 /* Sources */,
				331C807F294A63A400263BE5 /* Resources */,
				C480EA3834D59D2029D72EAB /* Frameworks */,
			);
			buildRules = (
			);
			dependencies = (
				331C8086294A63A400263BE5 /* PBXTargetDependency */,
			);
			name = RunnerTests;
			productName = RunnerTests;
			productReference = 331C8081294A63A400263BE5 /* RunnerTests.xctest */;
			productType = "com.apple.product-type.bundle.unit-test";
		};
		97C146ED1CF9000F007C117D /* Runner */ = {
			isa = PBXNativeTarget;
			buildConfigurationList = 97C147051CF9000F007C117D /* Build configuration list for PBXNativeTarget "Runner" */;
			buildPhases = (
				54315CFFB1899584AAE82B12 /* [CP] Check Pods Manifest.lock */,
				9740EEB61CF901F6004384FC /* Run Script */,
				97C146EA1CF9000F007C117D /* Sources */,
				97C146EB1CF9000F007C117D /* Frameworks */,
				97C146EC1CF9000F007C117D /* Resources */,
				9705A1C41CF9048500538489 /* Embed Frameworks */,
				3B06AD1E1E4923F5004D2608 /* Thin Binary */,
				97EF755530EF8EC94D8FBF61 /* [CP] Embed Pods Frameworks */,
			);
			buildRules = (
			);
			dependencies = (
			);
			name = Runner;
			productName = Runner;
			productReference = 97C146EE1CF9000F007C117D /* Runner.app */;
			productType = "com.apple.product-type.application";
		};
/* End PBXNativeTarget section */

/* Begin PBXProject section */
		97C146E61CF9000F007C117D /* Project object */ = {
			isa = PBXProject;
			attributes = {
				BuildIndependentTargetsInParallel = YES;
				LastUpgradeCheck = 1510;
				ORGANIZATIONNAME = "";
				TargetAttributes = {
					331C8080294A63A400263BE5 = {
						CreatedOnToolsVersion = 14.0;
						TestTargetID = 97C146ED1CF9000F007C117D;
					};
					97C146ED1CF9000F007C117D = {
						CreatedOnToolsVersion = 7.3.1;
						LastSwiftMigration = 1100;
					};
				};
			};
			buildConfigurationList = 97C146E91CF9000F007C117D /* Build configuration list for PBXProject "Runner" */;
			compatibilityVersion = "Xcode 9.3";
			developmentRegion = en;
			hasScannedForEncodings = 0;
			knownRegions = (
				en,
				Base,
			);
			mainGroup = 97C146E51CF9000F007C117D;
			productRefGroup = 97C146EF1CF9000F007C117D /* Products */;
			projectDirPath = "";
			projectRoot = "";
			targets = (
				97C146ED1CF9000F007C117D /* Runner */,
				331C8080294A63A400263BE5 /* RunnerTests */,
			);
		};
/* End PBXProject section */

/* Begin PBXResourcesBuildPhase section */
		331C807F294A63A400263BE5 /* Resources */ = {
			isa = PBXResourcesBuildPhase;
			buildActionMask = 2147483647;
			files = (
			);
			runOnlyForDeploymentPostprocessing = 0;
		};
		97C146EC1CF9000F007C117D /* Resources */ = {
			isa = PBXResourcesBuildPhase;
			buildActionMask = 2147483647;
			files = (
				97C147011CF9000F007C117D /* LaunchScreen.storyboard in Resources */,
				3B3967161E833CAA004F5970 /* AppFrameworkInfo.plist in Resources */,
				97C146FE1CF9000F007C117D /* Assets.xcassets in Resources */,
				97C146FC1CF9000F007C117D /* Main.storyboard in Resources */,
				942250112DD61CF200280D12 /* LaunchScreenDevelopment.storyboard in Resources */,
			);
			runOnlyForDeploymentPostprocessing = 0;
		};
/* End PBXResourcesBuildPhase section */

/* Begin PBXShellScriptBuildPhase section */
		2BB094205A971674C8106F54 /* [CP] Check Pods Manifest.lock */ = {
			isa = PBXShellScriptBuildPhase;
			buildActionMask = 2147483647;
			files = (
			);
			inputFileListPaths = (
			);
			inputPaths = (
				"${PODS_PODFILE_DIR_PATH}/Podfile.lock",
				"${PODS_ROOT}/Manifest.lock",
			);
			name = "[CP] Check Pods Manifest.lock";
			outputFileListPaths = (
			);
			outputPaths = (
				"$(DERIVED_FILE_DIR)/Pods-RunnerTests-checkManifestLockResult.txt",
			);
			runOnlyForDeploymentPostprocessing = 0;
			shellPath = /bin/sh;
			shellScript = "diff \"${PODS_PODFILE_DIR_PATH}/Podfile.lock\" \"${PODS_ROOT}/Manifest.lock\" > /dev/null\nif [ $? != 0 ] ; then\n    # print error to STDERR\n    echo \"error: The sandbox is not in sync with the Podfile.lock. Run 'pod install' or update your CocoaPods installation.\" >&2\n    exit 1\nfi\n# This output is used by Xcode 'outputs' to avoid re-running this script phase.\necho \"SUCCESS\" > \"${SCRIPT_OUTPUT_FILE_0}\"\n";
			showEnvVarsInLog = 0;
		};
		3B06AD1E1E4923F5004D2608 /* Thin Binary */ = {
			isa = PBXShellScriptBuildPhase;
			alwaysOutOfDate = 1;
			buildActionMask = 2147483647;
			files = (
			);
			inputPaths = (
				"${TARGET_BUILD_DIR}/${INFOPLIST_PATH}",
			);
			name = "Thin Binary";
			outputPaths = (
			);
			runOnlyForDeploymentPostprocessing = 0;
			shellPath = /bin/sh;
			shellScript = "/bin/sh \"$FLUTTER_ROOT/packages/flutter_tools/bin/xcode_backend.sh\" embed_and_thin";
		};
		54315CFFB1899584AAE82B12 /* [CP] Check Pods Manifest.lock */ = {
			isa = PBXShellScriptBuildPhase;
			buildActionMask = 2147483647;
			files = (
			);
			inputFileListPaths = (
			);
			inputPaths = (
				"${PODS_PODFILE_DIR_PATH}/Podfile.lock",
				"${PODS_ROOT}/Manifest.lock",
			);
			name = "[CP] Check Pods Manifest.lock";
			outputFileListPaths = (
			);
			outputPaths = (
				"$(DERIVED_FILE_DIR)/Pods-Runner-checkManifestLockResult.txt",
			);
			runOnlyForDeploymentPostprocessing = 0;
			shellPath = /bin/sh;
			shellScript = "diff \"${PODS_PODFILE_DIR_PATH}/Podfile.lock\" \"${PODS_ROOT}/Manifest.lock\" > /dev/null\nif [ $? != 0 ] ; then\n    # print error to STDERR\n    echo \"error: The sandbox is not in sync with the Podfile.lock. Run 'pod install' or update your CocoaPods installation.\" >&2\n    exit 1\nfi\n# This output is used by Xcode 'outputs' to avoid re-running this script phase.\necho \"SUCCESS\" > \"${SCRIPT_OUTPUT_FILE_0}\"\n";
			showEnvVarsInLog = 0;
		};
		9740EEB61CF901F6004384FC /* Run Script */ = {
			isa = PBXShellScriptBuildPhase;
			alwaysOutOfDate = 1;
			buildActionMask = 2147483647;
			files = (
			);
			inputPaths = (
			);
			name = "Run Script";
			outputPaths = (
			);
			runOnlyForDeploymentPostprocessing = 0;
			shellPath = /bin/sh;
			shellScript = "/bin/sh \"$FLUTTER_ROOT/packages/flutter_tools/bin/xcode_backend.sh\" build";
		};
		97EF755530EF8EC94D8FBF61 /* [CP] Embed Pods Frameworks */ = {
			isa = PBXShellScriptBuildPhase;
			buildActionMask = 2147483647;
			files = (
			);
			inputFileListPaths = (
				"${PODS_ROOT}/Target Support Files/Pods-Runner/Pods-Runner-frameworks-${CONFIGURATION}-input-files.xcfilelist",
			);
			name = "[CP] Embed Pods Frameworks";
			outputFileListPaths = (
				"${PODS_ROOT}/Target Support Files/Pods-Runner/Pods-Runner-frameworks-${CONFIGURATION}-output-files.xcfilelist",
			);
			runOnlyForDeploymentPostprocessing = 0;
			shellPath = /bin/sh;
			shellScript = "\"${PODS_ROOT}/Target Support Files/Pods-Runner/Pods-Runner-frameworks.sh\"\n";
			showEnvVarsInLog = 0;
		};
/* End PBXShellScriptBuildPhase section */

/* Begin PBXSourcesBuildPhase section */
		331C807D294A63A400263BE5 /* Sources */ = {
			isa = PBXSourcesBuildPhase;
			buildActionMask = 2147483647;
			files = (
				331C808B294A63AB00263BE5 /* RunnerTests.swift in Sources */,
			);
			runOnlyForDeploymentPostprocessing = 0;
		};
		97C146EA1CF9000F007C117D /* Sources */ = {
			isa = PBXSourcesBuildPhase;
			buildActionMask = 2147483647;
			files = (
				74858FAF1ED2DC5600515810 /* AppDelegate.swift in Sources */,
				1498D2341E8E89220040F4C2 /* GeneratedPluginRegistrant.m in Sources */,
			);
			runOnlyForDeploymentPostprocessing = 0;
		};
/* End PBXSourcesBuildPhase section */

/* Begin PBXTargetDependency section */
		331C8086294A63A400263BE5 /* PBXTargetDependency */ = {
			isa = PBXTargetDependency;
			target = 97C146ED1CF9000F007C117D /* Runner */;
			targetProxy = 331C8085294A63A400263BE5 /* PBXContainerItemProxy */;
		};
/* End PBXTargetDependency section */

/* Begin PBXVariantGroup section */
		9422500F2DD61CF200280D12 /* LaunchScreenDevelopment.storyboard */ = {
			isa = PBXVariantGroup;
			children = (
				942250102DD61CF200280D12 /* Base */,
			);
			name = LaunchScreenDevelopment.storyboard;
			sourceTree = "<group>";
		};
		97C146FA1CF9000F007C117D /* Main.storyboard */ = {
			isa = PBXVariantGroup;
			children = (
				97C146FB1CF9000F007C117D /* Base */,
			);
			name = Main.storyboard;
			sourceTree = "<group>";
		};
		97C146FF1CF9000F007C117D /* LaunchScreen.storyboard */ = {
			isa = PBXVariantGroup;
			children = (
				97C147001CF9000F007C117D /* Base */,
			);
			name = LaunchScreen.storyboard;
			sourceTree = "<group>";
		};
/* End PBXVariantGroup section */

/* Begin XCBuildConfiguration section */
		249021D3217E4FDB00AE95B9 /* Profile */ = {
			isa = XCBuildConfiguration;
			buildSettings = {
				ALWAYS_SEARCH_USER_PATHS = NO;
				ASSETCATALOG_COMPILER_GENERATE_SWIFT_ASSET_SYMBOL_EXTENSIONS = YES;
				CLANG_ANALYZER_NONNULL = YES;
				CLANG_CXX_LANGUAGE_STANDARD = "gnu++0x";
				CLANG_CXX_LIBRARY = "libc++";
				CLANG_ENABLE_MODULES = YES;
				CLANG_ENABLE_OBJC_ARC = YES;
				CLANG_WARN_BLOCK_CAPTURE_AUTORELEASING = YES;
				CLANG_WARN_BOOL_CONVERSION = YES;
				CLANG_WARN_COMMA = YES;
				CLANG_WARN_CONSTANT_CONVERSION = YES;
				CLANG_WARN_DEPRECATED_OBJC_IMPLEMENTATIONS = YES;
				CLANG_WARN_DIRECT_OBJC_ISA_USAGE = YES_ERROR;
				CLANG_WARN_EMPTY_BODY = YES;
				CLANG_WARN_ENUM_CONVERSION = YES;
				CLANG_WARN_INFINITE_RECURSION = YES;
				CLANG_WARN_INT_CONVERSION = YES;
				CLANG_WARN_NON_LITERAL_NULL_CONVERSION = YES;
				CLANG_WARN_OBJC_IMPLICIT_RETAIN_SELF = YES;
				CLANG_WARN_OBJC_LITERAL_CONVERSION = YES;
				CLANG_WARN_OBJC_ROOT_CLASS = YES_ERROR;
				CLANG_WARN_RANGE_LOOP_ANALYSIS = YES;
				CLANG_WARN_STRICT_PROTOTYPES = YES;
				CLANG_WARN_SUSPICIOUS_MOVE = YES;
				CLANG_WARN_UNREACHABLE_CODE = YES;
				CLANG_WARN__DUPLICATE_METHOD_MATCH = YES;
				"CODE_SIGN_IDENTITY[sdk=iphoneos*]" = "iPhone Developer";
				COPY_PHASE_STRIP = NO;
				DEBUG_INFORMATION_FORMAT = "dwarf-with-dsym";
				ENABLE_NS_ASSERTIONS = NO;
				ENABLE_STRICT_OBJC_MSGSEND = YES;
				ENABLE_USER_SCRIPT_SANDBOXING = NO;
				GCC_C_LANGUAGE_STANDARD = gnu99;
				GCC_NO_COMMON_BLOCKS = YES;
				GCC_WARN_64_TO_32_BIT_CONVERSION = YES;
				GCC_WARN_ABOUT_RETURN_TYPE = YES_ERROR;
				GCC_WARN_UNDECLARED_SELECTOR = YES;
				GCC_WARN_UNINITIALIZED_AUTOS = YES_AGGRESSIVE;
				GCC_WARN_UNUSED_FUNCTION = YES;
				GCC_WARN_UNUSED_VARIABLE = YES;
				IPHONEOS_DEPLOYMENT_TARGET = 12.0;
				MTL_ENABLE_DEBUG_INFO = NO;
				SDKROOT = iphoneos;
				SUPPORTED_PLATFORMS = iphoneos;
				TARGETED_DEVICE_FAMILY = "1,2";
				VALIDATE_PRODUCT = YES;
			};
			name = Profile;
		};
		249021D4217E4FDB00AE95B9 /* Profile */ = {
			isa = XCBuildConfiguration;
			baseConfigurationReference = 7AFA3C8E1D35360C0083082E /* Release.xcconfig */;
			buildSettings = {
				ASSETCATALOG_COMPILER_APPICON_NAME = AppIcon;
				CLANG_ENABLE_MODULES = YES;
				CURRENT_PROJECT_VERSION = "$(FLUTTER_BUILD_NUMBER)";
				DEVELOPMENT_TEAM = 9V5FCP7AFQ;
				ENABLE_BITCODE = NO;
				INFOPLIST_FILE = Runner/Info.plist;
				LAUNCH_SCREEN_STORYBOARD = "";
				LD_RUNPATH_SEARCH_PATHS = (
					"$(inherited)",
					"@executable_path/Frameworks",
				);
				PRODUCT_BUNDLE_IDENTIFIER = oasisdemaadi.com.oasisparents;
				PRODUCT_NAME = "$(TARGET_NAME)";
				SWIFT_OBJC_BRIDGING_HEADER = "Runner/Runner-Bridging-Header.h";
				SWIFT_VERSION = 5.0;
				VERSIONING_SYSTEM = "apple-generic";
			};
			name = Profile;
		};
		331C8088294A63A400263BE5 /* Debug */ = {
			isa = XCBuildConfiguration;
			baseConfigurationReference = D5E8D6B61F3364EA9C0DA8B2 /* Pods-RunnerTests.debug.xcconfig */;
			buildSettings = {
				BUNDLE_LOADER = "$(TEST_HOST)";
				CODE_SIGN_STYLE = Automatic;
				CURRENT_PROJECT_VERSION = 1;
				GENERATE_INFOPLIST_FILE = YES;
				MARKETING_VERSION = 1.0;
				PRODUCT_BUNDLE_IDENTIFIER = oasisdemaadi.com.oasisparents.RunnerTests;
				PRODUCT_NAME = "$(TARGET_NAME)";
				SWIFT_ACTIVE_COMPILATION_CONDITIONS = DEBUG;
				SWIFT_OPTIMIZATION_LEVEL = "-Onone";
				SWIFT_VERSION = 5.0;
				TEST_HOST = "$(BUILT_PRODUCTS_DIR)/Runner.app/$(BUNDLE_EXECUTABLE_FOLDER_PATH)/Runner";
			};
			name = Debug;
		};
		331C8089294A63A400263BE5 /* Release */ = {
			isa = XCBuildConfiguration;
			baseConfigurationReference = 75778FAF25919BF920C7E5D9 /* Pods-RunnerTests.release.xcconfig */;
			buildSettings = {
				BUNDLE_LOADER = "$(TEST_HOST)";
				CODE_SIGN_STYLE = Automatic;
				CURRENT_PROJECT_VERSION = 1;
				GENERATE_INFOPLIST_FILE = YES;
				MARKETING_VERSION = 1.0;
				PRODUCT_BUNDLE_IDENTIFIER = oasisdemaadi.com.oasisparents.RunnerTests;
				PRODUCT_NAME = "$(TARGET_NAME)";
				SWIFT_VERSION = 5.0;
				TEST_HOST = "$(BUILT_PRODUCTS_DIR)/Runner.app/$(BUNDLE_EXECUTABLE_FOLDER_PATH)/Runner";
			};
			name = Release;
		};
		331C808A294A63A400263BE5 /* Profile */ = {
			isa = XCBuildConfiguration;
			baseConfigurationReference = F3EA52AC4ACF68D24891635B /* Pods-RunnerTests.profile.xcconfig */;
			buildSettings = {
				BUNDLE_LOADER = "$(TEST_HOST)";
				CODE_SIGN_STYLE = Automatic;
				CURRENT_PROJECT_VERSION = 1;
				GENERATE_INFOPLIST_FILE = YES;
				MARKETING_VERSION = 1.0;
				PRODUCT_BUNDLE_IDENTIFIER = oasisdemaadi.com.oasisparents.RunnerTests;
				PRODUCT_NAME = "$(TARGET_NAME)";
				SWIFT_VERSION = 5.0;
				TEST_HOST = "$(BUILT_PRODUCTS_DIR)/Runner.app/$(BUNDLE_EXECUTABLE_FOLDER_PATH)/Runner";
			};
			name = Profile;
		};
		9427F5472DD66298007824DD /* Debug-Development */ = {
			isa = XCBuildConfiguration;
			buildSettings = {
				ALWAYS_SEARCH_USER_PATHS = NO;
				ASSETCATALOG_COMPILER_GENERATE_SWIFT_ASSET_SYMBOL_EXTENSIONS = YES;
				CLANG_ANALYZER_NONNULL = YES;
				CLANG_CXX_LANGUAGE_STANDARD = "gnu++0x";
				CLANG_CXX_LIBRARY = "libc++";
				CLANG_ENABLE_MODULES = YES;
				CLANG_ENABLE_OBJC_ARC = YES;
				CLANG_WARN_BLOCK_CAPTURE_AUTORELEASING = YES;
				CLANG_WARN_BOOL_CONVERSION = YES;
				CLANG_WARN_COMMA = YES;
				CLANG_WARN_CONSTANT_CONVERSION = YES;
				CLANG_WARN_DEPRECATED_OBJC_IMPLEMENTATIONS = YES;
				CLANG_WARN_DIRECT_OBJC_ISA_USAGE = YES_ERROR;
				CLANG_WARN_EMPTY_BODY = YES;
				CLANG_WARN_ENUM_CONVERSION = YES;
				CLANG_WARN_INFINITE_RECURSION = YES;
				CLANG_WARN_INT_CONVERSION = YES;
				CLANG_WARN_NON_LITERAL_NULL_CONVERSION = YES;
				CLANG_WARN_OBJC_IMPLICIT_RETAIN_SELF = YES;
				CLANG_WARN_OBJC_LITERAL_CONVERSION = YES;
				CLANG_WARN_OBJC_ROOT_CLASS = YES_ERROR;
				CLANG_WARN_RANGE_LOOP_ANALYSIS = YES;
				CLANG_WARN_STRICT_PROTOTYPES = YES;
				CLANG_WARN_SUSPICIOUS_MOVE = YES;
				CLANG_WARN_UNREACHABLE_CODE = YES;
				CLANG_WARN__DUPLICATE_METHOD_MATCH = YES;
				"CODE_SIGN_IDENTITY[sdk=iphoneos*]" = "iPhone Developer";
				COPY_PHASE_STRIP = NO;
				DEBUG_INFORMATION_FORMAT = dwarf;
				ENABLE_STRICT_OBJC_MSGSEND = YES;
				ENABLE_TESTABILITY = YES;
				ENABLE_USER_SCRIPT_SANDBOXING = NO;
				GCC_C_LANGUAGE_STANDARD = gnu99;
				GCC_DYNAMIC_NO_PIC = NO;
				GCC_NO_COMMON_BLOCKS = YES;
				GCC_OPTIMIZATION_LEVEL = 0;
				GCC_PREPROCESSOR_DEFINITIONS = (
					"DEBUG=1",
					"$(inherited)",
				);
				GCC_WARN_64_TO_32_BIT_CONVERSION = YES;
				GCC_WARN_ABOUT_RETURN_TYPE = YES_ERROR;
				GCC_WARN_UNDECLARED_SELECTOR = YES;
				GCC_WARN_UNINITIALIZED_AUTOS = YES_AGGRESSIVE;
				GCC_WARN_UNUSED_FUNCTION = YES;
				GCC_WARN_UNUSED_VARIABLE = YES;
				IPHONEOS_DEPLOYMENT_TARGET = 12.0;
				MTL_ENABLE_DEBUG_INFO = YES;
				ONLY_ACTIVE_ARCH = YES;
				SDKROOT = iphoneos;
				TARGETED_DEVICE_FAMILY = "1,2";
			};
			name = "Debug-Development";
		};
		9427F5482DD66298007824DD /* Debug-Development */ = {
			isa = XCBuildConfiguration;
			baseConfigurationReference = 9740EEB21CF90195004384FC /* Debug.xcconfig */;
			buildSettings = {
				ASSETCATALOG_COMPILER_APPICON_NAME = AppIcon;
				CLANG_ENABLE_MODULES = YES;
				CURRENT_PROJECT_VERSION = "$(FLUTTER_BUILD_NUMBER)";
				DEVELOPMENT_TEAM = 9V5FCP7AFQ;
				ENABLE_BITCODE = NO;
				INFOPLIST_FILE = Runner/Info.plist;
				LAUNCH_SCREEN_STORYBOARD = "";
				LD_RUNPATH_SEARCH_PATHS = (
					"$(inherited)",
					"@executable_path/Frameworks",
				);
				PRODUCT_BUNDLE_IDENTIFIER = oasisdemaadi.com.oasisparents;
				PRODUCT_NAME = "$(TARGET_NAME)";
				SWIFT_OBJC_BRIDGING_HEADER = "Runner/Runner-Bridging-Header.h";
				SWIFT_OPTIMIZATION_LEVEL = "-Onone";
				SWIFT_VERSION = 5.0;
				VERSIONING_SYSTEM = "apple-generic";
			};
			name = "Debug-Development";
		};
		9427F5492DD66298007824DD /* Debug-Development */ = {
			isa = XCBuildConfiguration;
			baseConfigurationReference = 761DDF8704DC09C01149E8C2 /* Pods-RunnerTests.debug-development.xcconfig */;
			buildSettings = {
				BUNDLE_LOADER = "$(TEST_HOST)";
				CODE_SIGN_STYLE = Automatic;
				CURRENT_PROJECT_VERSION = 1;
				GENERATE_INFOPLIST_FILE = YES;
				MARKETING_VERSION = 1.0;
				PRODUCT_BUNDLE_IDENTIFIER = oasisdemaadi.com.oasisparents.RunnerTests;
				PRODUCT_NAME = "$(TARGET_NAME)";
				SWIFT_ACTIVE_COMPILATION_CONDITIONS = DEBUG;
				SWIFT_OPTIMIZATION_LEVEL = "-Onone";
				SWIFT_VERSION = 5.0;
				TEST_HOST = "$(BUILT_PRODUCTS_DIR)/Runner.app/$(BUNDLE_EXECUTABLE_FOLDER_PATH)/Runner";
			};
			name = "Debug-Development";
		};
		9427F54A2DD662B6007824DD /* Release-Development */ = {
			isa = XCBuildConfiguration;
			buildSettings = {
				ALWAYS_SEARCH_USER_PATHS = NO;
				ASSETCATALOG_COMPILER_GENERATE_SWIFT_ASSET_SYMBOL_EXTENSIONS = YES;
				CLANG_ANALYZER_NONNULL = YES;
				CLANG_CXX_LANGUAGE_STANDARD = "gnu++0x";
				CLANG_CXX_LIBRARY = "libc++";
				CLANG_ENABLE_MODULES = YES;
				CLANG_ENABLE_OBJC_ARC = YES;
				CLANG_WARN_BLOCK_CAPTURE_AUTORELEASING = YES;
				CLANG_WARN_BOOL_CONVERSION = YES;
				CLANG_WARN_COMMA = YES;
				CLANG_WARN_CONSTANT_CONVERSION = YES;
				CLANG_WARN_DEPRECATED_OBJC_IMPLEMENTATIONS = YES;
				CLANG_WARN_DIRECT_OBJC_ISA_USAGE = YES_ERROR;
				CLANG_WARN_EMPTY_BODY = YES;
				CLANG_WARN_ENUM_CONVERSION = YES;
				CLANG_WARN_INFINITE_RECURSION = YES;
				CLANG_WARN_INT_CONVERSION = YES;
				CLANG_WARN_NON_LITERAL_NULL_CONVERSION = YES;
				CLANG_WARN_OBJC_IMPLICIT_RETAIN_SELF = YES;
				CLANG_WARN_OBJC_LITERAL_CONVERSION = YES;
				CLANG_WARN_OBJC_ROOT_CLASS = YES_ERROR;
				CLANG_WARN_RANGE_LOOP_ANALYSIS = YES;
				CLANG_WARN_STRICT_PROTOTYPES = YES;
				CLANG_WARN_SUSPICIOUS_MOVE = YES;
				CLANG_WARN_UNREACHABLE_CODE = YES;
				CLANG_WARN__DUPLICATE_METHOD_MATCH = YES;
				"CODE_SIGN_IDENTITY[sdk=iphoneos*]" = "iPhone Developer";
				COPY_PHASE_STRIP = NO;
				DEBUG_INFORMATION_FORMAT = "dwarf-with-dsym";
				ENABLE_NS_ASSERTIONS = NO;
				ENABLE_STRICT_OBJC_MSGSEND = YES;
				ENABLE_USER_SCRIPT_SANDBOXING = NO;
				GCC_C_LANGUAGE_STANDARD = gnu99;
				GCC_NO_COMMON_BLOCKS = YES;
				GCC_WARN_64_TO_32_BIT_CONVERSION = YES;
				GCC_WARN_ABOUT_RETURN_TYPE = YES_ERROR;
				GCC_WARN_UNDECLARED_SELECTOR = YES;
				GCC_WARN_UNINITIALIZED_AUTOS = YES_AGGRESSIVE;
				GCC_WARN_UNUSED_FUNCTION = YES;
				GCC_WARN_UNUSED_VARIABLE = YES;
				IPHONEOS_DEPLOYMENT_TARGET = 12.0;
				MTL_ENABLE_DEBUG_INFO = NO;
				SDKROOT = iphoneos;
				SUPPORTED_PLATFORMS = iphoneos;
				SWIFT_COMPILATION_MODE = wholemodule;
				SWIFT_OPTIMIZATION_LEVEL = "-O";
				TARGETED_DEVICE_FAMILY = "1,2";
				VALIDATE_PRODUCT = YES;
			};
			name = "Release-Development";
		};
		9427F54B2DD662B6007824DD /* Release-Development */ = {
			isa = XCBuildConfiguration;
			baseConfigurationReference = 7AFA3C8E1D35360C0083082E /* Release.xcconfig */;
			buildSettings = {
				ASSETCATALOG_COMPILER_APPICON_NAME = AppIcon;
				CLANG_ENABLE_MODULES = YES;
				CURRENT_PROJECT_VERSION = "$(FLUTTER_BUILD_NUMBER)";
				DEVELOPMENT_TEAM = 9V5FCP7AFQ;
				ENABLE_BITCODE = NO;
				INFOPLIST_FILE = Runner/Info.plist;
				LAUNCH_SCREEN_STORYBOARD = "";
				LD_RUNPATH_SEARCH_PATHS = (
					"$(inherited)",
					"@executable_path/Frameworks",
				);
				PRODUCT_BUNDLE_IDENTIFIER = oasisdemaadi.com.oasisparents;
				PRODUCT_NAME = "$(TARGET_NAME)";
				SWIFT_OBJC_BRIDGING_HEADER = "Runner/Runner-Bridging-Header.h";
				SWIFT_VERSION = 5.0;
				VERSIONING_SYSTEM = "apple-generic";
			};
			name = "Release-Development";
		};
		9427F54C2DD662B6007824DD /* Release-Development */ = {
			isa = XCBuildConfiguration;
			baseConfigurationReference = 191215F475E988360CF0933F /* Pods-RunnerTests.release-development.xcconfig */;
			buildSettings = {
				BUNDLE_LOADER = "$(TEST_HOST)";
				CODE_SIGN_STYLE = Automatic;
				CURRENT_PROJECT_VERSION = 1;
				GENERATE_INFOPLIST_FILE = YES;
				MARKETING_VERSION = 1.0;
				PRODUCT_BUNDLE_IDENTIFIER = oasisdemaadi.com.oasisparents.RunnerTests;
				PRODUCT_NAME = "$(TARGET_NAME)";
				SWIFT_VERSION = 5.0;
				TEST_HOST = "$(BUILT_PRODUCTS_DIR)/Runner.app/$(BUNDLE_EXECUTABLE_FOLDER_PATH)/Runner";
			};
			name = "Release-Development";
		};
		9427F54D2DD662DB007824DD /* Debug-Staging */ = {
			isa = XCBuildConfiguration;
			buildSettings = {
				ALWAYS_SEARCH_USER_PATHS = NO;
				ASSETCATALOG_COMPILER_GENERATE_SWIFT_ASSET_SYMBOL_EXTENSIONS = YES;
				CLANG_ANALYZER_NONNULL = YES;
				CLANG_CXX_LANGUAGE_STANDARD = "gnu++0x";
				CLANG_CXX_LIBRARY = "libc++";
				CLANG_ENABLE_MODULES = YES;
				CLANG_ENABLE_OBJC_ARC = YES;
				CLANG_WARN_BLOCK_CAPTURE_AUTORELEASING = YES;
				CLANG_WARN_BOOL_CONVERSION = YES;
				CLANG_WARN_COMMA = YES;
				CLANG_WARN_CONSTANT_CONVERSION = YES;
				CLANG_WARN_DEPRECATED_OBJC_IMPLEMENTATIONS = YES;
				CLANG_WARN_DIRECT_OBJC_ISA_USAGE = YES_ERROR;
				CLANG_WARN_EMPTY_BODY = YES;
				CLANG_WARN_ENUM_CONVERSION = YES;
				CLANG_WARN_INFINITE_RECURSION = YES;
				CLANG_WARN_INT_CONVERSION = YES;
				CLANG_WARN_NON_LITERAL_NULL_CONVERSION = YES;
				CLANG_WARN_OBJC_IMPLICIT_RETAIN_SELF = YES;
				CLANG_WARN_OBJC_LITERAL_CONVERSION = YES;
				CLANG_WARN_OBJC_ROOT_CLASS = YES_ERROR;
				CLANG_WARN_RANGE_LOOP_ANALYSIS = YES;
				CLANG_WARN_STRICT_PROTOTYPES = YES;
				CLANG_WARN_SUSPICIOUS_MOVE = YES;
				CLANG_WARN_UNREACHABLE_CODE = YES;
				CLANG_WARN__DUPLICATE_METHOD_MATCH = YES;
				"CODE_SIGN_IDENTITY[sdk=iphoneos*]" = "iPhone Developer";
				COPY_PHASE_STRIP = NO;
				DEBUG_INFORMATION_FORMAT = dwarf;
				ENABLE_STRICT_OBJC_MSGSEND = YES;
				ENABLE_TESTABILITY = YES;
				ENABLE_USER_SCRIPT_SANDBOXING = NO;
				GCC_C_LANGUAGE_STANDARD = gnu99;
				GCC_DYNAMIC_NO_PIC = NO;
				GCC_NO_COMMON_BLOCKS = YES;
				GCC_OPTIMIZATION_LEVEL = 0;
				GCC_PREPROCESSOR_DEFINITIONS = (
					"DEBUG=1",
					"$(inherited)",
				);
				GCC_WARN_64_TO_32_BIT_CONVERSION = YES;
				GCC_WARN_ABOUT_RETURN_TYPE = YES_ERROR;
				GCC_WARN_UNDECLARED_SELECTOR = YES;
				GCC_WARN_UNINITIALIZED_AUTOS = YES_AGGRESSIVE;
				GCC_WARN_UNUSED_FUNCTION = YES;
				GCC_WARN_UNUSED_VARIABLE = YES;
				IPHONEOS_DEPLOYMENT_TARGET = 12.0;
				MTL_ENABLE_DEBUG_INFO = YES;
				ONLY_ACTIVE_ARCH = YES;
				SDKROOT = iphoneos;
				TARGETED_DEVICE_FAMILY = "1,2";
			};
			name = "Debug-Staging";
		};
		9427F54E2DD662DB007824DD /* Debug-Staging */ = {
			isa = XCBuildConfiguration;
			baseConfigurationReference = 9740EEB21CF90195004384FC /* Debug.xcconfig */;
			buildSettings = {
				ASSETCATALOG_COMPILER_APPICON_NAME = AppIcon;
				CLANG_ENABLE_MODULES = YES;
				CURRENT_PROJECT_VERSION = "$(FLUTTER_BUILD_NUMBER)";
				DEVELOPMENT_TEAM = 9V5FCP7AFQ;
				ENABLE_BITCODE = NO;
				INFOPLIST_FILE = Runner/Info.plist;
				LAUNCH_SCREEN_STORYBOARD = "";
				LD_RUNPATH_SEARCH_PATHS = (
					"$(inherited)",
					"@executable_path/Frameworks",
				);
				PRODUCT_BUNDLE_IDENTIFIER = oasisdemaadi.com.oasisparents;
				PRODUCT_NAME = "$(TARGET_NAME)";
				SWIFT_OBJC_BRIDGING_HEADER = "Runner/Runner-Bridging-Header.h";
				SWIFT_OPTIMIZATION_LEVEL = "-Onone";
				SWIFT_VERSION = 5.0;
				VERSIONING_SYSTEM = "apple-generic";
			};
			name = "Debug-Staging";
		};
		9427F54F2DD662DB007824DD /* Debug-Staging */ = {
			isa = XCBuildConfiguration;
			baseConfigurationReference = A7DA734E30782BDBA34E3FE0 /* Pods-RunnerTests.debug-staging.xcconfig */;
			buildSettings = {
				BUNDLE_LOADER = "$(TEST_HOST)";
				CODE_SIGN_STYLE = Automatic;
				CURRENT_PROJECT_VERSION = 1;
				GENERATE_INFOPLIST_FILE = YES;
				MARKETING_VERSION = 1.0;
				PRODUCT_BUNDLE_IDENTIFIER = oasisdemaadi.com.oasisparents.RunnerTests;
				PRODUCT_NAME = "$(TARGET_NAME)";
				SWIFT_ACTIVE_COMPILATION_CONDITIONS = DEBUG;
				SWIFT_OPTIMIZATION_LEVEL = "-Onone";
				SWIFT_VERSION = 5.0;
				TEST_HOST = "$(BUILT_PRODUCTS_DIR)/Runner.app/$(BUNDLE_EXECUTABLE_FOLDER_PATH)/Runner";
			};
			name = "Debug-Staging";
		};
		9427F5502DD662E5007824DD /* Release-Staging */ = {
			isa = XCBuildConfiguration;
			buildSettings = {
				ALWAYS_SEARCH_USER_PATHS = NO;
				ASSETCATALOG_COMPILER_GENERATE_SWIFT_ASSET_SYMBOL_EXTENSIONS = YES;
				CLANG_ANALYZER_NONNULL = YES;
				CLANG_CXX_LANGUAGE_STANDARD = "gnu++0x";
				CLANG_CXX_LIBRARY = "libc++";
				CLANG_ENABLE_MODULES = YES;
				CLANG_ENABLE_OBJC_ARC = YES;
				CLANG_WARN_BLOCK_CAPTURE_AUTORELEASING = YES;
				CLANG_WARN_BOOL_CONVERSION = YES;
				CLANG_WARN_COMMA = YES;
				CLANG_WARN_CONSTANT_CONVERSION = YES;
				CLANG_WARN_DEPRECATED_OBJC_IMPLEMENTATIONS = YES;
				CLANG_WARN_DIRECT_OBJC_ISA_USAGE = YES_ERROR;
				CLANG_WARN_EMPTY_BODY = YES;
				CLANG_WARN_ENUM_CONVERSION = YES;
				CLANG_WARN_INFINITE_RECURSION = YES;
				CLANG_WARN_INT_CONVERSION = YES;
				CLANG_WARN_NON_LITERAL_NULL_CONVERSION = YES;
				CLANG_WARN_OBJC_IMPLICIT_RETAIN_SELF = YES;
				CLANG_WARN_OBJC_LITERAL_CONVERSION = YES;
				CLANG_WARN_OBJC_ROOT_CLASS = YES_ERROR;
				CLANG_WARN_RANGE_LOOP_ANALYSIS = YES;
				CLANG_WARN_STRICT_PROTOTYPES = YES;
				CLANG_WARN_SUSPICIOUS_MOVE = YES;
				CLANG_WARN_UNREACHABLE_CODE = YES;
				CLANG_WARN__DUPLICATE_METHOD_MATCH = YES;
				"CODE_SIGN_IDENTITY[sdk=iphoneos*]" = "iPhone Developer";
				COPY_PHASE_STRIP = NO;
				DEBUG_INFORMATION_FORMAT = "dwarf-with-dsym";
				ENABLE_NS_ASSERTIONS = NO;
				ENABLE_STRICT_OBJC_MSGSEND = YES;
				ENABLE_USER_SCRIPT_SANDBOXING = NO;
				GCC_C_LANGUAGE_STANDARD = gnu99;
				GCC_NO_COMMON_BLOCKS = YES;
				GCC_WARN_64_TO_32_BIT_CONVERSION = YES;
				GCC_WARN_ABOUT_RETURN_TYPE = YES_ERROR;
				GCC_WARN_UNDECLARED_SELECTOR = YES;
				GCC_WARN_UNINITIALIZED_AUTOS = YES_AGGRESSIVE;
				GCC_WARN_UNUSED_FUNCTION = YES;
				GCC_WARN_UNUSED_VARIABLE = YES;
				IPHONEOS_DEPLOYMENT_TARGET = 12.0;
				MTL_ENABLE_DEBUG_INFO = NO;
				SDKROOT = iphoneos;
				SUPPORTED_PLATFORMS = iphoneos;
				SWIFT_COMPILATION_MODE = wholemodule;
				SWIFT_OPTIMIZATION_LEVEL = "-O";
				TARGETED_DEVICE_FAMILY = "1,2";
				VALIDATE_PRODUCT = YES;
			};
			name = "Release-Staging";
		};
		9427F5512DD662E5007824DD /* Release-Staging */ = {
			isa = XCBuildConfiguration;
			baseConfigurationReference = 7AFA3C8E1D35360C0083082E /* Release.xcconfig */;
			buildSettings = {
				ASSETCATALOG_COMPILER_APPICON_NAME = AppIcon;
				CLANG_ENABLE_MODULES = YES;
				CURRENT_PROJECT_VERSION = "$(FLUTTER_BUILD_NUMBER)";
				DEVELOPMENT_TEAM = 9V5FCP7AFQ;
				ENABLE_BITCODE = NO;
				INFOPLIST_FILE = Runner/Info.plist;
				LAUNCH_SCREEN_STORYBOARD = "";
				LD_RUNPATH_SEARCH_PATHS = (
					"$(inherited)",
					"@executable_path/Frameworks",
				);
				PRODUCT_BUNDLE_IDENTIFIER = oasisdemaadi.com.oasisparents;
				PRODUCT_NAME = "$(TARGET_NAME)";
				SWIFT_OBJC_BRIDGING_HEADER = "Runner/Runner-Bridging-Header.h";
				SWIFT_VERSION = 5.0;
				VERSIONING_SYSTEM = "apple-generic";
			};
			name = "Release-Staging";
		};
		9427F5522DD662E5007824DD /* Release-Staging */ = {
			isa = XCBuildConfiguration;
			baseConfigurationReference = 7C6B95284B3054953638C15E /* Pods-RunnerTests.release-staging.xcconfig */;
			buildSettings = {
				BUNDLE_LOADER = "$(TEST_HOST)";
				CODE_SIGN_STYLE = Automatic;
				CURRENT_PROJECT_VERSION = 1;
				GENERATE_INFOPLIST_FILE = YES;
				MARKETING_VERSION = 1.0;
				PRODUCT_BUNDLE_IDENTIFIER = oasisdemaadi.com.oasisparents.RunnerTests;
				PRODUCT_NAME = "$(TARGET_NAME)";
				SWIFT_VERSION = 5.0;
				TEST_HOST = "$(BUILT_PRODUCTS_DIR)/Runner.app/$(BUNDLE_EXECUTABLE_FOLDER_PATH)/Runner";
			};
			name = "Release-Staging";
		};
		9427F5532DD66302007824DD /* Debug-Production */ = {
			isa = XCBuildConfiguration;
			buildSettings = {
				ALWAYS_SEARCH_USER_PATHS = NO;
				ASSETCATALOG_COMPILER_GENERATE_SWIFT_ASSET_SYMBOL_EXTENSIONS = YES;
				CLANG_ANALYZER_NONNULL = YES;
				CLANG_CXX_LANGUAGE_STANDARD = "gnu++0x";
				CLANG_CXX_LIBRARY = "libc++";
				CLANG_ENABLE_MODULES = YES;
				CLANG_ENABLE_OBJC_ARC = YES;
				CLANG_WARN_BLOCK_CAPTURE_AUTORELEASING = YES;
				CLANG_WARN_BOOL_CONVERSION = YES;
				CLANG_WARN_COMMA = YES;
				CLANG_WARN_CONSTANT_CONVERSION = YES;
				CLANG_WARN_DEPRECATED_OBJC_IMPLEMENTATIONS = YES;
				CLANG_WARN_DIRECT_OBJC_ISA_USAGE = YES_ERROR;
				CLANG_WARN_EMPTY_BODY = YES;
				CLANG_WARN_ENUM_CONVERSION = YES;
				CLANG_WARN_INFINITE_RECURSION = YES;
				CLANG_WARN_INT_CONVERSION = YES;
				CLANG_WARN_NON_LITERAL_NULL_CONVERSION = YES;
				CLANG_WARN_OBJC_IMPLICIT_RETAIN_SELF = YES;
				CLANG_WARN_OBJC_LITERAL_CONVERSION = YES;
				CLANG_WARN_OBJC_ROOT_CLASS = YES_ERROR;
				CLANG_WARN_RANGE_LOOP_ANALYSIS = YES;
				CLANG_WARN_STRICT_PROTOTYPES = YES;
				CLANG_WARN_SUSPICIOUS_MOVE = YES;
				CLANG_WARN_UNREACHABLE_CODE = YES;
				CLANG_WARN__DUPLICATE_METHOD_MATCH = YES;
				"CODE_SIGN_IDENTITY[sdk=iphoneos*]" = "iPhone Developer";
				COPY_PHASE_STRIP = NO;
				DEBUG_INFORMATION_FORMAT = dwarf;
				ENABLE_STRICT_OBJC_MSGSEND = YES;
				ENABLE_TESTABILITY = YES;
				ENABLE_USER_SCRIPT_SANDBOXING = NO;
				GCC_C_LANGUAGE_STANDARD = gnu99;
				GCC_DYNAMIC_NO_PIC = NO;
				GCC_NO_COMMON_BLOCKS = YES;
				GCC_OPTIMIZATION_LEVEL = 0;
				GCC_PREPROCESSOR_DEFINITIONS = (
					"DEBUG=1",
					"$(inherited)",
				);
				GCC_WARN_64_TO_32_BIT_CONVERSION = YES;
				GCC_WARN_ABOUT_RETURN_TYPE = YES_ERROR;
				GCC_WARN_UNDECLARED_SELECTOR = YES;
				GCC_WARN_UNINITIALIZED_AUTOS = YES_AGGRESSIVE;
				GCC_WARN_UNUSED_FUNCTION = YES;
				GCC_WARN_UNUSED_VARIABLE = YES;
				IPHONEOS_DEPLOYMENT_TARGET = 12.0;
				MTL_ENABLE_DEBUG_INFO = YES;
				ONLY_ACTIVE_ARCH = YES;
				SDKROOT = iphoneos;
				TARGETED_DEVICE_FAMILY = "1,2";
			};
			name = "Debug-Production";
		};
		9427F5542DD66302007824DD /* Debug-Production */ = {
			isa = XCBuildConfiguration;
			baseConfigurationReference = 9740EEB21CF90195004384FC /* Debug.xcconfig */;
			buildSettings = {
				ASSETCATALOG_COMPILER_APPICON_NAME = AppIcon;
				CLANG_ENABLE_MODULES = YES;
				CURRENT_PROJECT_VERSION = "$(FLUTTER_BUILD_NUMBER)";
				DEVELOPMENT_TEAM = 9V5FCP7AFQ;
				ENABLE_BITCODE = NO;
				INFOPLIST_FILE = Runner/Info.plist;
				LAUNCH_SCREEN_STORYBOARD = "";
				LD_RUNPATH_SEARCH_PATHS = (
					"$(inherited)",
					"@executable_path/Frameworks",
				);
				PRODUCT_BUNDLE_IDENTIFIER = oasisdemaadi.com.oasisparents;
				PRODUCT_NAME = "$(TARGET_NAME)";
				SWIFT_OBJC_BRIDGING_HEADER = "Runner/Runner-Bridging-Header.h";
				SWIFT_OPTIMIZATION_LEVEL = "-Onone";
				SWIFT_VERSION = 5.0;
				VERSIONING_SYSTEM = "apple-generic";
			};
			name = "Debug-Production";
		};
		9427F5552DD66302007824DD /* Debug-Production */ = {
			isa = XCBuildConfiguration;
			baseConfigurationReference = 461F305C81BD23F346BF8AB3 /* Pods-RunnerTests.debug-production.xcconfig */;
			buildSettings = {
				BUNDLE_LOADER = "$(TEST_HOST)";
				CODE_SIGN_STYLE = Automatic;
				CURRENT_PROJECT_VERSION = 1;
				GENERATE_INFOPLIST_FILE = YES;
				MARKETING_VERSION = 1.0;
				PRODUCT_BUNDLE_IDENTIFIER = oasisdemaadi.com.oasisparents.RunnerTests;
				PRODUCT_NAME = "$(TARGET_NAME)";
				SWIFT_ACTIVE_COMPILATION_CONDITIONS = DEBUG;
				SWIFT_OPTIMIZATION_LEVEL = "-Onone";
				SWIFT_VERSION = 5.0;
				TEST_HOST = "$(BUILT_PRODUCTS_DIR)/Runner.app/$(BUNDLE_EXECUTABLE_FOLDER_PATH)/Runner";
			};
			name = "Debug-Production";
		};
		9427F5562DD6630A007824DD /* Release-Production */ = {
			isa = XCBuildConfiguration;
			buildSettings = {
				ALWAYS_SEARCH_USER_PATHS = NO;
				ASSETCATALOG_COMPILER_GENERATE_SWIFT_ASSET_SYMBOL_EXTENSIONS = YES;
				CLANG_ANALYZER_NONNULL = YES;
				CLANG_CXX_LANGUAGE_STANDARD = "gnu++0x";
				CLANG_CXX_LIBRARY = "libc++";
				CLANG_ENABLE_MODULES = YES;
				CLANG_ENABLE_OBJC_ARC = YES;
				CLANG_WARN_BLOCK_CAPTURE_AUTORELEASING = YES;
				CLANG_WARN_BOOL_CONVERSION = YES;
				CLANG_WARN_COMMA = YES;
				CLANG_WARN_CONSTANT_CONVERSION = YES;
				CLANG_WARN_DEPRECATED_OBJC_IMPLEMENTATIONS = YES;
				CLANG_WARN_DIRECT_OBJC_ISA_USAGE = YES_ERROR;
				CLANG_WARN_EMPTY_BODY = YES;
				CLANG_WARN_ENUM_CONVERSION = YES;
				CLANG_WARN_INFINITE_RECURSION = YES;
				CLANG_WARN_INT_CONVERSION = YES;
				CLANG_WARN_NON_LITERAL_NULL_CONVERSION = YES;
				CLANG_WARN_OBJC_IMPLICIT_RETAIN_SELF = YES;
				CLANG_WARN_OBJC_LITERAL_CONVERSION = YES;
				CLANG_WARN_OBJC_ROOT_CLASS = YES_ERROR;
				CLANG_WARN_RANGE_LOOP_ANALYSIS = YES;
				CLANG_WARN_STRICT_PROTOTYPES = YES;
				CLANG_WARN_SUSPICIOUS_MOVE = YES;
				CLANG_WARN_UNREACHABLE_CODE = YES;
				CLANG_WARN__DUPLICATE_METHOD_MATCH = YES;
				"CODE_SIGN_IDENTITY[sdk=iphoneos*]" = "iPhone Developer";
				COPY_PHASE_STRIP = NO;
				DEBUG_INFORMATION_FORMAT = "dwarf-with-dsym";
				ENABLE_NS_ASSERTIONS = NO;
				ENABLE_STRICT_OBJC_MSGSEND = YES;
				ENABLE_USER_SCRIPT_SANDBOXING = NO;
				GCC_C_LANGUAGE_STANDARD = gnu99;
				GCC_NO_COMMON_BLOCKS = YES;
				GCC_WARN_64_TO_32_BIT_CONVERSION = YES;
				GCC_WARN_ABOUT_RETURN_TYPE = YES_ERROR;
				GCC_WARN_UNDECLARED_SELECTOR = YES;
				GCC_WARN_UNINITIALIZED_AUTOS = YES_AGGRESSIVE;
				GCC_WARN_UNUSED_FUNCTION = YES;
				GCC_WARN_UNUSED_VARIABLE = YES;
				IPHONEOS_DEPLOYMENT_TARGET = 12.0;
				MTL_ENABLE_DEBUG_INFO = NO;
				SDKROOT = iphoneos;
				SUPPORTED_PLATFORMS = iphoneos;
				SWIFT_COMPILATION_MODE = wholemodule;
				SWIFT_OPTIMIZATION_LEVEL = "-O";
				TARGETED_DEVICE_FAMILY = "1,2";
				VALIDATE_PRODUCT = YES;
			};
			name = "Release-Production";
		};
		9427F5572DD6630A007824DD /* Release-Production */ = {
			isa = XCBuildConfiguration;
			baseConfigurationReference = 7AFA3C8E1D35360C0083082E /* Release.xcconfig */;
			buildSettings = {
				ASSETCATALOG_COMPILER_APPICON_NAME = AppIcon;
				CLANG_ENABLE_MODULES = YES;
				CURRENT_PROJECT_VERSION = "$(FLUTTER_BUILD_NUMBER)";
				DEVELOPMENT_TEAM = 9V5FCP7AFQ;
				ENABLE_BITCODE = NO;
				INFOPLIST_FILE = Runner/Info.plist;
				LAUNCH_SCREEN_STORYBOARD = "";
				LD_RUNPATH_SEARCH_PATHS = (
					"$(inherited)",
					"@executable_path/Frameworks",
				);
				PRODUCT_BUNDLE_IDENTIFIER = oasisdemaadi.com.oasisparents;
				PRODUCT_NAME = "$(TARGET_NAME)";
				SWIFT_OBJC_BRIDGING_HEADER = "Runner/Runner-Bridging-Header.h";
				SWIFT_VERSION = 5.0;
				VERSIONING_SYSTEM = "apple-generic";
			};
			name = "Release-Production";
		};
		9427F5582DD6630A007824DD /* Release-Production */ = {
			isa = XCBuildConfiguration;
			baseConfigurationReference = 66F78CB799C0CE0270F51ED1 /* Pods-RunnerTests.release-production.xcconfig */;
			buildSettings = {
				BUNDLE_LOADER = "$(TEST_HOST)";
				CODE_SIGN_STYLE = Automatic;
				CURRENT_PROJECT_VERSION = 1;
				GENERATE_INFOPLIST_FILE = YES;
				MARKETING_VERSION = 1.0;
				PRODUCT_BUNDLE_IDENTIFIER = oasisdemaadi.com.oasisparents.RunnerTests;
				PRODUCT_NAME = "$(TARGET_NAME)";
				SWIFT_VERSION = 5.0;
				TEST_HOST = "$(BUILT_PRODUCTS_DIR)/Runner.app/$(BUNDLE_EXECUTABLE_FOLDER_PATH)/Runner";
			};
			name = "Release-Production";
		};
		97C147031CF9000F007C117D /* Debug */ = {
			isa = XCBuildConfiguration;
			buildSettings = {
				ALWAYS_SEARCH_USER_PATHS = NO;
				ASSETCATALOG_COMPILER_GENERATE_SWIFT_ASSET_SYMBOL_EXTENSIONS = YES;
				CLANG_ANALYZER_NONNULL = YES;
				CLANG_CXX_LANGUAGE_STANDARD = "gnu++0x";
				CLANG_CXX_LIBRARY = "libc++";
				CLANG_ENABLE_MODULES = YES;
				CLANG_ENABLE_OBJC_ARC = YES;
				CLANG_WARN_BLOCK_CAPTURE_AUTORELEASING = YES;
				CLANG_WARN_BOOL_CONVERSION = YES;
				CLANG_WARN_COMMA = YES;
				CLANG_WARN_CONSTANT_CONVERSION = YES;
				CLANG_WARN_DEPRECATED_OBJC_IMPLEMENTATIONS = YES;
				CLANG_WARN_DIRECT_OBJC_ISA_USAGE = YES_ERROR;
				CLANG_WARN_EMPTY_BODY = YES;
				CLANG_WARN_ENUM_CONVERSION = YES;
				CLANG_WARN_INFINITE_RECURSION = YES;
				CLANG_WARN_INT_CONVERSION = YES;
				CLANG_WARN_NON_LITERAL_NULL_CONVERSION = YES;
				CLANG_WARN_OBJC_IMPLICIT_RETAIN_SELF = YES;
				CLANG_WARN_OBJC_LITERAL_CONVERSION = YES;
				CLANG_WARN_OBJC_ROOT_CLASS = YES_ERROR;
				CLANG_WARN_RANGE_LOOP_ANALYSIS = YES;
				CLANG_WARN_STRICT_PROTOTYPES = YES;
				CLANG_WARN_SUSPICIOUS_MOVE = YES;
				CLANG_WARN_UNREACHABLE_CODE = YES;
				CLANG_WARN__DUPLICATE_METHOD_MATCH = YES;
				"CODE_SIGN_IDENTITY[sdk=iphoneos*]" = "iPhone Developer";
				COPY_PHASE_STRIP = NO;
				DEBUG_INFORMATION_FORMAT = dwarf;
				ENABLE_STRICT_OBJC_MSGSEND = YES;
				ENABLE_TESTABILITY = YES;
				ENABLE_USER_SCRIPT_SANDBOXING = NO;
				GCC_C_LANGUAGE_STANDARD = gnu99;
				GCC_DYNAMIC_NO_PIC = NO;
				GCC_NO_COMMON_BLOCKS = YES;
				GCC_OPTIMIZATION_LEVEL = 0;
				GCC_PREPROCESSOR_DEFINITIONS = (
					"DEBUG=1",
					"$(inherited)",
				);
				GCC_WARN_64_TO_32_BIT_CONVERSION = YES;
				GCC_WARN_ABOUT_RETURN_TYPE = YES_ERROR;
				GCC_WARN_UNDECLARED_SELECTOR = YES;
				GCC_WARN_UNINITIALIZED_AUTOS = YES_AGGRESSIVE;
				GCC_WARN_UNUSED_FUNCTION = YES;
				GCC_WARN_UNUSED_VARIABLE = YES;
				IPHONEOS_DEPLOYMENT_TARGET = 12.0;
				MTL_ENABLE_DEBUG_INFO = YES;
				ONLY_ACTIVE_ARCH = YES;
				SDKROOT = iphoneos;
				TARGETED_DEVICE_FAMILY = "1,2";
			};
			name = Debug;
		};
		97C147041CF9000F007C117D /* Release */ = {
			isa = XCBuildConfiguration;
			buildSettings = {
				ALWAYS_SEARCH_USER_PATHS = NO;
				ASSETCATALOG_COMPILER_GENERATE_SWIFT_ASSET_SYMBOL_EXTENSIONS = YES;
				CLANG_ANALYZER_NONNULL = YES;
				CLANG_CXX_LANGUAGE_STANDARD = "gnu++0x";
				CLANG_CXX_LIBRARY = "libc++";
				CLANG_ENABLE_MODULES = YES;
				CLANG_ENABLE_OBJC_ARC = YES;
				CLANG_WARN_BLOCK_CAPTURE_AUTORELEASING = YES;
				CLANG_WARN_BOOL_CONVERSION = YES;
				CLANG_WARN_COMMA = YES;
				CLANG_WARN_CONSTANT_CONVERSION = YES;
				CLANG_WARN_DEPRECATED_OBJC_IMPLEMENTATIONS = YES;
				CLANG_WARN_DIRECT_OBJC_ISA_USAGE = YES_ERROR;
				CLANG_WARN_EMPTY_BODY = YES;
				CLANG_WARN_ENUM_CONVERSION = YES;
				CLANG_WARN_INFINITE_RECURSION = YES;
				CLANG_WARN_INT_CONVERSION = YES;
				CLANG_WARN_NON_LITERAL_NULL_CONVERSION = YES;
				CLANG_WARN_OBJC_IMPLICIT_RETAIN_SELF = YES;
				CLANG_WARN_OBJC_LITERAL_CONVERSION = YES;
				CLANG_WARN_OBJC_ROOT_CLASS = YES_ERROR;
				CLANG_WARN_RANGE_LOOP_ANALYSIS = YES;
				CLANG_WARN_STRICT_PROTOTYPES = YES;
				CLANG_WARN_SUSPICIOUS_MOVE = YES;
				CLANG_WARN_UNREACHABLE_CODE = YES;
				CLANG_WARN__DUPLICATE_METHOD_MATCH = YES;
				"CODE_SIGN_IDENTITY[sdk=iphoneos*]" = "iPhone Developer";
				COPY_PHASE_STRIP = NO;
				DEBUG_INFORMATION_FORMAT = "dwarf-with-dsym";
				ENABLE_NS_ASSERTIONS = NO;
				ENABLE_STRICT_OBJC_MSGSEND = YES;
				ENABLE_USER_SCRIPT_SANDBOXING = NO;
				GCC_C_LANGUAGE_STANDARD = gnu99;
				GCC_NO_COMMON_BLOCKS = YES;
				GCC_WARN_64_TO_32_BIT_CONVERSION = YES;
				GCC_WARN_ABOUT_RETURN_TYPE = YES_ERROR;
				GCC_WARN_UNDECLARED_SELECTOR = YES;
				GCC_WARN_UNINITIALIZED_AUTOS = YES_AGGRESSIVE;
				GCC_WARN_UNUSED_FUNCTION = YES;
				GCC_WARN_UNUSED_VARIABLE = YES;
				IPHONEOS_DEPLOYMENT_TARGET = 12.0;
				MTL_ENABLE_DEBUG_INFO = NO;
				SDKROOT = iphoneos;
				SUPPORTED_PLATFORMS = iphoneos;
				SWIFT_COMPILATION_MODE = wholemodule;
				SWIFT_OPTIMIZATION_LEVEL = "-O";
				TARGETED_DEVICE_FAMILY = "1,2";
				VALIDATE_PRODUCT = YES;
			};
			name = Release;
		};
		97C147061CF9000F007C117D /* Debug */ = {
			isa = XCBuildConfiguration;
			baseConfigurationReference = 9740EEB21CF90195004384FC /* Debug.xcconfig */;
			buildSettings = {
				ASSETCATALOG_COMPILER_APPICON_NAME = AppIcon;
				CLANG_ENABLE_MODULES = YES;
				CURRENT_PROJECT_VERSION = "$(FLUTTER_BUILD_NUMBER)";
				DEVELOPMENT_TEAM = 9V5FCP7AFQ;
				ENABLE_BITCODE = NO;
				INFOPLIST_FILE = Runner/Info.plist;
				LAUNCH_SCREEN_STORYBOARD = "";
				LD_RUNPATH_SEARCH_PATHS = (
					"$(inherited)",
					"@executable_path/Frameworks",
				);
				PRODUCT_BUNDLE_IDENTIFIER = oasisdemaadi.com.oasisparents;
				PRODUCT_NAME = "$(TARGET_NAME)";
				SWIFT_OBJC_BRIDGING_HEADER = "Runner/Runner-Bridging-Header.h";
				SWIFT_OPTIMIZATION_LEVEL = "-Onone";
				SWIFT_VERSION = 5.0;
				VERSIONING_SYSTEM = "apple-generic";
			};
			name = Debug;
		};
		97C147071CF9000F007C117D /* Release */ = {
			isa = XCBuildConfiguration;
			baseConfigurationReference = 7AFA3C8E1D35360C0083082E /* Release.xcconfig */;
			buildSettings = {
				ASSETCATALOG_COMPILER_APPICON_NAME = AppIcon;
				CLANG_ENABLE_MODULES = YES;
				CURRENT_PROJECT_VERSION = "$(FLUTTER_BUILD_NUMBER)";
				DEVELOPMENT_TEAM = 9V5FCP7AFQ;
				ENABLE_BITCODE = NO;
				INFOPLIST_FILE = Runner/Info.plist;
				LAUNCH_SCREEN_STORYBOARD = "";
				LD_RUNPATH_SEARCH_PATHS = (
					"$(inherited)",
					"@executable_path/Frameworks",
				);
				PRODUCT_BUNDLE_IDENTIFIER = oasisdemaadi.com.oasisparents;
				PRODUCT_NAME = "$(TARGET_NAME)";
				SWIFT_OBJC_BRIDGING_HEADER = "Runner/Runner-Bridging-Header.h";
				SWIFT_VERSION = 5.0;
				VERSIONING_SYSTEM = "apple-generic";
			};
			name = Release;
		};
/* End XCBuildConfiguration section */

/* Begin XCConfigurationList section */
		331C8087294A63A400263BE5 /* Build configuration list for PBXNativeTarget "RunnerTests" */ = {
			isa = XCConfigurationList;
			buildConfigurations = (
				331C8088294A63A400263BE5 /* Debug */,
				9427F5552DD66302007824DD /* Debug-Production */,
				9427F54F2DD662DB007824DD /* Debug-Staging */,
				9427F5492DD66298007824DD /* Debug-Development */,
				331C8089294A63A400263BE5 /* Release */,
				9427F5582DD6630A007824DD /* Release-Production */,
				9427F5522DD662E5007824DD /* Release-Staging */,
				9427F54C2DD662B6007824DD /* Release-Development */,
				331C808A294A63A400263BE5 /* Profile */,
			);
			defaultConfigurationIsVisible = 0;
			defaultConfigurationName = Release;
		};
		97C146E91CF9000F007C117D /* Build configuration list for PBXProject "Runner" */ = {
			isa = XCConfigurationList;
			buildConfigurations = (
				97C147031CF9000F007C117D /* Debug */,
				9427F5532DD66302007824DD /* Debug-Production */,
				9427F54D2DD662DB007824DD /* Debug-Staging */,
				9427F5472DD66298007824DD /* Debug-Development */,
				97C147041CF9000F007C117D /* Release */,
				9427F5562DD6630A007824DD /* Release-Production */,
				9427F5502DD662E5007824DD /* Release-Staging */,
				9427F54A2DD662B6007824DD /* Release-Development */,
				249021D3217E4FDB00AE95B9 /* Profile */,
			);
			defaultConfigurationIsVisible = 0;
			defaultConfigurationName = Release;
		};
		97C147051CF9000F007C117D /* Build configuration list for PBXNativeTarget "Runner" */ = {
			isa = XCConfigurationList;
			buildConfigurations = (
				97C147061CF9000F007C117D /* Debug */,
				9427F5542DD66302007824DD /* Debug-Production */,
				9427F54E2DD662DB007824DD /* Debug-Staging */,
				9427F5482DD66298007824DD /* Debug-Development */,
				97C147071CF9000F007C117D /* Release */,
				9427F5572DD6630A007824DD /* Release-Production */,
				9427F5512DD662E5007824DD /* Release-Staging */,
				9427F54B2DD662B6007824DD /* Release-Development */,
				249021D4217E4FDB00AE95B9 /* Profile */,
			);
			defaultConfigurationIsVisible = 0;
			defaultConfigurationName = Release;
		};
/* End XCConfigurationList section */
	};
	rootObject = 97C146E61CF9000F007C117D /* Project object */;
}
